
Microsoft Visual Studio Solution File, Format Version 12.00
# Visual Studio 15
VisualStudioVersion = 15.0.28307.757
MinimumVisualStudioVersion = 10.0.40219.1
Project("{9A19103F-16F7-4668-BE54-9A1E7A4F7556}") = "MainApp", "MainApp\MainApp.csproj", "{05E8D545-9569-49B3-94B2-46EACB799AFD}"
EndProject
Project("{9A19103F-16F7-4668-BE54-9A1E7A4F7556}") = "Alphabet", "Alphabet\Alphabet.csproj", "{5DCD2B1B-E7EB-4452-99A6-C8FFF60FD9E6}"
EndProject
Project("{9A19103F-16F7-4668-BE54-9A1E7A4F7556}") = "Move", "Move\Move.csproj", "{DFB6663C-A19A-4681-B929-F214384B3F88}"
EndProject
Project("{9A19103F-16F7-4668-BE54-9A1E7A4F7556}") = "for_letter_count", "for_letter_count\for_letter_count.csproj", "{73A23F4B-B3B8-4FDF-A6F9-6E05E3A07272}"
EndProject
Project("{9A19103F-16F7-4668-BE54-9A1E7A4F7556}") = "Poetry", "Poetry\Poetry.csproj", "{DFB8345D-190F-468A-99DA-CD86546C65F8}"
EndProject
Project("{9A19103F-16F7-4668-BE54-9A1E7A4F7556}") = "LongWord", "LongWord\LongWord.csproj", "{2E8BD2AE-C1DC-4319-A70E-9F6AB3FB172A}"
EndProject
Project("{9A19103F-16F7-4668-BE54-9A1E7A4F7556}") = "PassengerRegistration", "PassengerRegistration\PassengerRegistration.csproj", "{F14E65FE-2573-4E8D-A071-3FFE49479732}"
EndProject
Project("{FAE04EC0-301F-11D3-BF4B-00C04F79EFBC}") = "Song", "Song\Song.csproj", "{98670C2B-819C-48C9-B0A4-155BD18328AE}"
EndProject
Global
	GlobalSection(SolutionConfigurationPlatforms) = preSolution
		Debug|Any CPU = Debug|Any CPU
		Release|Any CPU = Release|Any CPU
	EndGlobalSection
	GlobalSection(ProjectConfigurationPlatforms) = postSolution
		{05E8D545-9569-49B3-94B2-46EACB799AFD}.Debug|Any CPU.ActiveCfg = Debug|Any CPU
		{05E8D545-9569-49B3-94B2-46EACB799AFD}.Debug|Any CPU.Build.0 = Debug|Any CPU
		{05E8D545-9569-49B3-94B2-46EACB799AFD}.Release|Any CPU.ActiveCfg = Release|Any CPU
		{05E8D545-9569-49B3-94B2-46EACB799AFD}.Release|Any CPU.Build.0 = Release|Any CPU
		{5DCD2B1B-E7EB-4452-99A6-C8FFF60FD9E6}.Debug|Any CPU.ActiveCfg = Debug|Any CPU
		{5DCD2B1B-E7EB-4452-99A6-C8FFF60FD9E6}.Debug|Any CPU.Build.0 = Debug|Any CPU
		{5DCD2B1B-E7EB-4452-99A6-C8FFF60FD9E6}.Release|Any CPU.ActiveCfg = Release|Any CPU
		{5DCD2B1B-E7EB-4452-99A6-C8FFF60FD9E6}.Release|Any CPU.Build.0 = Release|Any CPU
		{DFB6663C-A19A-4681-B929-F214384B3F88}.Debug|Any CPU.ActiveCfg = Debug|Any CPU
		{DFB6663C-A19A-4681-B929-F214384B3F88}.Debug|Any CPU.Build.0 = Debug|Any CPU
		{DFB6663C-A19A-4681-B929-F214384B3F88}.Release|Any CPU.ActiveCfg = Release|Any CPU
		{DFB6663C-A19A-4681-B929-F214384B3F88}.Release|Any CPU.Build.0 = Release|Any CPU
		{73A23F4B-B3B8-4FDF-A6F9-6E05E3A07272}.Debug|Any CPU.ActiveCfg = Debug|Any CPU
		{73A23F4B-B3B8-4FDF-A6F9-6E05E3A07272}.Debug|Any CPU.Build.0 = Debug|Any CPU
		{73A23F4B-B3B8-4FDF-A6F9-6E05E3A07272}.Release|Any CPU.ActiveCfg = Release|Any CPU
		{73A23F4B-B3B8-4FDF-A6F9-6E05E3A07272}.Release|Any CPU.Build.0 = Release|Any CPU
		{DFB8345D-190F-468A-99DA-CD86546C65F8}.Debug|Any CPU.ActiveCfg = Debug|Any CPU
		{DFB8345D-190F-468A-99DA-CD86546C65F8}.Debug|Any CPU.Build.0 = Debug|Any CPU
		{DFB8345D-190F-468A-99DA-CD86546C65F8}.Release|Any CPU.ActiveCfg = Release|Any CPU
		{DFB8345D-190F-468A-99DA-CD86546C65F8}.Release|Any CPU.Build.0 = Release|Any CPU
		{2E8BD2AE-C1DC-4319-A70E-9F6AB3FB172A}.Debug|Any CPU.ActiveCfg = Debug|Any CPU
		{2E8BD2AE-C1DC-4319-A70E-9F6AB3FB172A}.Debug|Any CPU.Build.0 = Debug|Any CPU
		{2E8BD2AE-C1DC-4319-A70E-9F6AB3FB172A}.Release|Any CPU.ActiveCfg = Release|Any CPU
		{2E8BD2AE-C1DC-4319-A70E-9F6AB3FB172A}.Release|Any CPU.Build.0 = Release|Any CPU
		{F14E65FE-2573-4E8D-A071-3FFE49479732}.Debug|Any CPU.ActiveCfg = Debug|Any CPU
		{F14E65FE-2573-4E8D-A071-3FFE49479732}.Debug|Any CPU.Build.0 = Debug|Any CPU
		{F14E65FE-2573-4E8D-A071-3FFE49479732}.Release|Any CPU.ActiveCfg = Release|Any CPU
		{F14E65FE-2573-4E8D-A071-3FFE49479732}.Release|Any CPU.Build.0 = Release|Any CPU
		{98670C2B-819C-48C9-B0A4-155BD18328AE}.Debug|Any CPU.ActiveCfg = Debug|Any CPU
		{98670C2B-819C-48C9-B0A4-155BD18328AE}.Debug|Any CPU.Build.0 = Debug|Any CPU
		{98670C2B-819C-48C9-B0A4-155BD18328AE}.Release|Any CPU.ActiveCfg = Release|Any CPU
		{98670C2B-819C-48C9-B0A4-155BD18328AE}.Release|Any CPU.Build.0 = Release|Any CPU
	EndGlobalSection
	GlobalSection(SolutionProperties) = preSolution
		HideSolutionNode = FALSE
	EndGlobalSection
	GlobalSection(ExtensibilityGlobals) = postSolution
		SolutionGuid = {BD12A53A-2867-437B-BA85-41FE8FE03ECA}
	EndGlobalSection
EndGlobal
