
Microsoft Visual Studio Solution File, Format Version 12.00
# Visual Studio 15
VisualStudioVersion = 15.0.28307.757
MinimumVisualStudioVersion = 10.0.40219.1
Project("{9A19103F-16F7-4668-BE54-9A1E7A4F7556}") = "MainApp", "MainApp\MainApp.csproj", "{05E8D545-9569-49B3-94B2-46EACB799AFD}"
EndProject
Project("{9A19103F-16F7-4668-BE54-9A1E7A4F7556}") = "Alphabet", "Alphabet\Alphabet.csproj", "{5DCD2B1B-E7EB-4452-99A6-C8FFF60FD9E6}"
EndProject
Project("{9A19103F-16F7-4668-BE54-9A1E7A4F7556}") = "Move", "Move\Move.csproj", "{DFB6663C-A19A-4681-B929-F214384B3F88}"
EndProject
Project("{FAE04EC0-301F-11D3-BF4B-00C04F79EFBC}") = "ArraySum", "ArraySum\ArraySum.csproj", "{97F7B518-19AC-46D8-AF26-FB076F6E92DD}"
EndProject
Project("{FAE04EC0-301F-11D3-BF4B-00C04F79EFBC}") = "FillArray", "FillArray\FillArray.csproj", "{BACEFA83-C07E-488D-BBA0-D14763F10C6F}"
EndProject
Project("{FAE04EC0-301F-11D3-BF4B-00C04F79EFBC}") = "Reverse", "Reverse\Reverse.csproj", "{06FA8EC7-B995-407C-AB39-251E68D31044}"
EndProject
Global
	GlobalSection(SolutionConfigurationPlatforms) = preSolution
		Debug|Any CPU = Debug|Any CPU
		Release|Any CPU = Release|Any CPU
	EndGlobalSection
	GlobalSection(ProjectConfigurationPlatforms) = postSolution
		{05E8D545-9569-49B3-94B2-46EACB799AFD}.Debug|Any CPU.ActiveCfg = Debug|Any CPU
		{05E8D545-9569-49B3-94B2-46EACB799AFD}.Debug|Any CPU.Build.0 = Debug|Any CPU
		{05E8D545-9569-49B3-94B2-46EACB799AFD}.Release|Any CPU.ActiveCfg = Release|Any CPU
		{05E8D545-9569-49B3-94B2-46EACB799AFD}.Release|Any CPU.Build.0 = Release|Any CPU
		{5DCD2B1B-E7EB-4452-99A6-C8FFF60FD9E6}.Debug|Any CPU.ActiveCfg = Debug|Any CPU
		{5DCD2B1B-E7EB-4452-99A6-C8FFF60FD9E6}.Debug|Any CPU.Build.0 = Debug|Any CPU
		{5DCD2B1B-E7EB-4452-99A6-C8FFF60FD9E6}.Release|Any CPU.ActiveCfg = Release|Any CPU
		{5DCD2B1B-E7EB-4452-99A6-C8FFF60FD9E6}.Release|Any CPU.Build.0 = Release|Any CPU
		{DFB6663C-A19A-4681-B929-F214384B3F88}.Debug|Any CPU.ActiveCfg = Debug|Any CPU
		{DFB6663C-A19A-4681-B929-F214384B3F88}.Debug|Any CPU.Build.0 = Debug|Any CPU
		{DFB6663C-A19A-4681-B929-F214384B3F88}.Release|Any CPU.ActiveCfg = Release|Any CPU
		{DFB6663C-A19A-4681-B929-F214384B3F88}.Release|Any CPU.Build.0 = Release|Any CPU
		{97F7B518-19AC-46D8-AF26-FB076F6E92DD}.Debug|Any CPU.ActiveCfg = Debug|Any CPU
		{97F7B518-19AC-46D8-AF26-FB076F6E92DD}.Debug|Any CPU.Build.0 = Debug|Any CPU
		{97F7B518-19AC-46D8-AF26-FB076F6E92DD}.Release|Any CPU.ActiveCfg = Release|Any CPU
		{97F7B518-19AC-46D8-AF26-FB076F6E92DD}.Release|Any CPU.Build.0 = Release|Any CPU
		{BACEFA83-C07E-488D-BBA0-D14763F10C6F}.Debug|Any CPU.ActiveCfg = Debug|Any CPU
		{BACEFA83-C07E-488D-BBA0-D14763F10C6F}.Debug|Any CPU.Build.0 = Debug|Any CPU
		{BACEFA83-C07E-488D-BBA0-D14763F10C6F}.Release|Any CPU.ActiveCfg = Release|Any CPU
		{BACEFA83-C07E-488D-BBA0-D14763F10C6F}.Release|Any CPU.Build.0 = Release|Any CPU
		{06FA8EC7-B995-407C-AB39-251E68D31044}.Debug|Any CPU.ActiveCfg = Debug|Any CPU
		{06FA8EC7-B995-407C-AB39-251E68D31044}.Debug|Any CPU.Build.0 = Debug|Any CPU
		{06FA8EC7-B995-407C-AB39-251E68D31044}.Release|Any CPU.ActiveCfg = Release|Any CPU
		{06FA8EC7-B995-407C-AB39-251E68D31044}.Release|Any CPU.Build.0 = Release|Any CPU
	EndGlobalSection
	GlobalSection(SolutionProperties) = preSolution
		HideSolutionNode = FALSE
	EndGlobalSection
	GlobalSection(ExtensibilityGlobals) = postSolution
		SolutionGuid = {BD12A53A-2867-437B-BA85-41FE8FE03ECA}
	EndGlobalSection
EndGlobal
